
Microsoft Visual Studio Solution File, Format Version 12.00
# Visual Studio Version 17
VisualStudioVersion = 17.9.34622.214
MinimumVisualStudioVersion = 10.0.40219.1
Project("{FAE04EC0-301F-11D3-BF4B-00C04F79EFBC}") = "WindowsFormsApp3", "WindowsFormsApp3\WindowsFormsApp3.csproj", "{53779200-1B67-4FD2-8C8A-679FFC67B8EE}"
EndProject
Global
	GlobalSection(SolutionConfigurationPlatforms) = preSolution
		Debug|Any CPU = Debug|Any CPU
		Release|Any CPU = Release|Any CPU
	EndGlobalSection
	GlobalSection(ProjectConfigurationPlatforms) = postSolution
		{53779200-1B67-4FD2-8C8A-679FFC67B8EE}.Debug|Any CPU.ActiveCfg = Debug|Any CPU
		{53779200-1B67-4FD2-8C8A-679FFC67B8EE}.Debug|Any CPU.Build.0 = Debug|Any CPU
		{53779200-1B67-4FD2-8C8A-679FFC67B8EE}.Release|Any CPU.ActiveCfg = Release|Any CPU
		{53779200-1B67-4FD2-8C8A-679FFC67B8EE}.Release|Any CPU.Build.0 = Release|Any CPU
	EndGlobalSection
	GlobalSection(SolutionProperties) = preSolution
		HideSolutionNode = FALSE
	EndGlobalSection
	GlobalSection(ExtensibilityGlobals) = postSolution
		SolutionGuid = {ADFCE499-F95E-4DE6-BFD7-8A880DD06A61}
	EndGlobalSection
EndGlobal
