
Microsoft Visual Studio Solution File, Format Version 12.00
# Visual Studio Version 17
VisualStudioVersion = 17.9.34622.214
MinimumVisualStudioVersion = 10.0.40219.1
Project("{FAE04EC0-301F-11D3-BF4B-00C04F79EFBC}") = "WindowsFormsApp32", "WindowsFormsApp32\WindowsFormsApp32.csproj", "{16350CB0-1A9C-4660-9F5C-DB193C3DBDBB}"
EndProject
Global
	GlobalSection(SolutionConfigurationPlatforms) = preSolution
		Debug|Any CPU = Debug|Any CPU
		Release|Any CPU = Release|Any CPU
	EndGlobalSection
	GlobalSection(ProjectConfigurationPlatforms) = postSolution
		{16350CB0-1A9C-4660-9F5C-DB193C3DBDBB}.Debug|Any CPU.ActiveCfg = Debug|Any CPU
		{16350CB0-1A9C-4660-9F5C-DB193C3DBDBB}.Debug|Any CPU.Build.0 = Debug|Any CPU
		{16350CB0-1A9C-4660-9F5C-DB193C3DBDBB}.Release|Any CPU.ActiveCfg = Release|Any CPU
		{16350CB0-1A9C-4660-9F5C-DB193C3DBDBB}.Release|Any CPU.Build.0 = Release|Any CPU
	EndGlobalSection
	GlobalSection(SolutionProperties) = preSolution
		HideSolutionNode = FALSE
	EndGlobalSection
	GlobalSection(ExtensibilityGlobals) = postSolution
		SolutionGuid = {CCF93860-4350-4E25-ACF0-CA209B5218CC}
	EndGlobalSection
EndGlobal
