
Microsoft Visual Studio Solution File, Format Version 12.00
# Visual Studio Version 17
VisualStudioVersion = 17.9.34622.214
MinimumVisualStudioVersion = 10.0.40219.1
Project("{FAE04EC0-301F-11D3-BF4B-00C04F79EFBC}") = "WindowsFormsApp12", "WindowsFormsApp12\WindowsFormsApp12.csproj", "{F0F763A8-2C73-4325-B0E7-A8777008793A}"
EndProject
Global
	GlobalSection(SolutionConfigurationPlatforms) = preSolution
		Debug|Any CPU = Debug|Any CPU
		Release|Any CPU = Release|Any CPU
	EndGlobalSection
	GlobalSection(ProjectConfigurationPlatforms) = postSolution
		{F0F763A8-2C73-4325-B0E7-A8777008793A}.Debug|Any CPU.ActiveCfg = Debug|Any CPU
		{F0F763A8-2C73-4325-B0E7-A8777008793A}.Debug|Any CPU.Build.0 = Debug|Any CPU
		{F0F763A8-2C73-4325-B0E7-A8777008793A}.Release|Any CPU.ActiveCfg = Release|Any CPU
		{F0F763A8-2C73-4325-B0E7-A8777008793A}.Release|Any CPU.Build.0 = Release|Any CPU
	EndGlobalSection
	GlobalSection(SolutionProperties) = preSolution
		HideSolutionNode = FALSE
	EndGlobalSection
	GlobalSection(ExtensibilityGlobals) = postSolution
		SolutionGuid = {DE17B9FA-B5D1-4794-A08F-9C1DEA1F6EC5}
	EndGlobalSection
EndGlobal
