
Microsoft Visual Studio Solution File, Format Version 12.00
# Visual Studio Version 17
VisualStudioVersion = 17.9.34622.214
MinimumVisualStudioVersion = 10.0.40219.1
Project("{FAE04EC0-301F-11D3-BF4B-00C04F79EFBC}") = "WindowsFormsApp4", "WindowsFormsApp4\WindowsFormsApp4.csproj", "{95339D6C-BE46-4C23-AAA5-41F4B3223F86}"
EndProject
Global
	GlobalSection(SolutionConfigurationPlatforms) = preSolution
		Debug|Any CPU = Debug|Any CPU
		Release|Any CPU = Release|Any CPU
	EndGlobalSection
	GlobalSection(ProjectConfigurationPlatforms) = postSolution
		{95339D6C-BE46-4C23-AAA5-41F4B3223F86}.Debug|Any CPU.ActiveCfg = Debug|Any CPU
		{95339D6C-BE46-4C23-AAA5-41F4B3223F86}.Debug|Any CPU.Build.0 = Debug|Any CPU
		{95339D6C-BE46-4C23-AAA5-41F4B3223F86}.Release|Any CPU.ActiveCfg = Release|Any CPU
		{95339D6C-BE46-4C23-AAA5-41F4B3223F86}.Release|Any CPU.Build.0 = Release|Any CPU
	EndGlobalSection
	GlobalSection(SolutionProperties) = preSolution
		HideSolutionNode = FALSE
	EndGlobalSection
	GlobalSection(ExtensibilityGlobals) = postSolution
		SolutionGuid = {58103B83-58E6-4116-B145-335D0E268C1D}
	EndGlobalSection
EndGlobal
