
Microsoft Visual Studio Solution File, Format Version 12.00
# Visual Studio Version 17
VisualStudioVersion = 17.9.34622.214
MinimumVisualStudioVersion = 10.0.40219.1
Project("{FAE04EC0-301F-11D3-BF4B-00C04F79EFBC}") = "WindowsFormsApp22", "WindowsFormsApp22\WindowsFormsApp22.csproj", "{678883DC-DF2D-4EB8-A7D4-BE3DA2956A39}"
EndProject
Global
	GlobalSection(SolutionConfigurationPlatforms) = preSolution
		Debug|Any CPU = Debug|Any CPU
		Release|Any CPU = Release|Any CPU
	EndGlobalSection
	GlobalSection(ProjectConfigurationPlatforms) = postSolution
		{678883DC-DF2D-4EB8-A7D4-BE3DA2956A39}.Debug|Any CPU.ActiveCfg = Debug|Any CPU
		{678883DC-DF2D-4EB8-A7D4-BE3DA2956A39}.Debug|Any CPU.Build.0 = Debug|Any CPU
		{678883DC-DF2D-4EB8-A7D4-BE3DA2956A39}.Release|Any CPU.ActiveCfg = Release|Any CPU
		{678883DC-DF2D-4EB8-A7D4-BE3DA2956A39}.Release|Any CPU.Build.0 = Release|Any CPU
	EndGlobalSection
	GlobalSection(SolutionProperties) = preSolution
		HideSolutionNode = FALSE
	EndGlobalSection
	GlobalSection(ExtensibilityGlobals) = postSolution
		SolutionGuid = {7C18E537-D1AE-45A4-A2D6-BADF398FCCC2}
	EndGlobalSection
EndGlobal
